
Microsoft Visual Studio Solution File, Format Version 12.00
# Visual Studio 15
VisualStudioVersion = 15.0.27004.2008
MinimumVisualStudioVersion = 10.0.40219.1
Project("{D954291E-2A0B-460D-934E-DC6B0785DB48}") = "PieChartExample", "PieChartExample\PieChartExample\PieChartExample.shproj", "{09F07D3A-BD0F-47D4-94B3-0FB44C61D502}"
EndProject
Project("{FAE04EC0-301F-11D3-BF4B-00C04F79EFBC}") = "PieChartExample.Android", "PieChartExample\PieChartExample.Android\PieChartExample.Android.csproj", "{1E96A7A5-DBF5-46F9-A1A3-2CF9676EEAC2}"
EndProject
Project("{FAE04EC0-301F-11D3-BF4B-00C04F79EFBC}") = "PieChartExample.iOS", "PieChartExample\PieChartExample.iOS\PieChartExample.iOS.csproj", "{789B5143-5328-432F-AF49-BB0183CE6E8B}"
EndProject
Global
	GlobalSection(SharedMSBuildProjectFiles) = preSolution
		PieChartExample\PieChartExample\PieChartExample.projitems*{09f07d3a-bd0f-47d4-94b3-0fb44c61d502}*SharedItemsImports = 13
		PieChartExample\PieChartExample\PieChartExample.projitems*{1e96a7a5-dbf5-46f9-a1a3-2cf9676eeac2}*SharedItemsImports = 4
		PieChartExample\PieChartExample\PieChartExample.projitems*{789b5143-5328-432f-af49-bb0183ce6e8b}*SharedItemsImports = 4
	EndGlobalSection
	GlobalSection(SolutionConfigurationPlatforms) = preSolution
		Ad-Hoc|Any CPU = Ad-Hoc|Any CPU
		Ad-Hoc|iPhone = Ad-Hoc|iPhone
		Ad-Hoc|iPhoneSimulator = Ad-Hoc|iPhoneSimulator
		AppStore|Any CPU = AppStore|Any CPU
		AppStore|iPhone = AppStore|iPhone
		AppStore|iPhoneSimulator = AppStore|iPhoneSimulator
		Debug|Any CPU = Debug|Any CPU
		Debug|iPhone = Debug|iPhone
		Debug|iPhoneSimulator = Debug|iPhoneSimulator
		Release|Any CPU = Release|Any CPU
		Release|iPhone = Release|iPhone
		Release|iPhoneSimulator = Release|iPhoneSimulator
	EndGlobalSection
	GlobalSection(ProjectConfigurationPlatforms) = postSolution
		{1E96A7A5-DBF5-46F9-A1A3-2CF9676EEAC2}.Ad-Hoc|Any CPU.ActiveCfg = Release|Any CPU
		{1E96A7A5-DBF5-46F9-A1A3-2CF9676EEAC2}.Ad-Hoc|Any CPU.Build.0 = Release|Any CPU
		{1E96A7A5-DBF5-46F9-A1A3-2CF9676EEAC2}.Ad-Hoc|Any CPU.Deploy.0 = Release|Any CPU
		{1E96A7A5-DBF5-46F9-A1A3-2CF9676EEAC2}.Ad-Hoc|iPhone.ActiveCfg = Release|Any CPU
		{1E96A7A5-DBF5-46F9-A1A3-2CF9676EEAC2}.Ad-Hoc|iPhone.Build.0 = Release|Any CPU
		{1E96A7A5-DBF5-46F9-A1A3-2CF9676EEAC2}.Ad-Hoc|iPhone.Deploy.0 = Release|Any CPU
		{1E96A7A5-DBF5-46F9-A1A3-2CF9676EEAC2}.Ad-Hoc|iPhoneSimulator.ActiveCfg = Release|Any CPU
		{1E96A7A5-DBF5-46F9-A1A3-2CF9676EEAC2}.Ad-Hoc|iPhoneSimulator.Build.0 = Release|Any CPU
		{1E96A7A5-DBF5-46F9-A1A3-2CF9676EEAC2}.Ad-Hoc|iPhoneSimulator.Deploy.0 = Release|Any CPU
		{1E96A7A5-DBF5-46F9-A1A3-2CF9676EEAC2}.AppStore|Any CPU.ActiveCfg = Release|Any CPU
		{1E96A7A5-DBF5-46F9-A1A3-2CF9676EEAC2}.AppStore|Any CPU.Build.0 = Release|Any CPU
		{1E96A7A5-DBF5-46F9-A1A3-2CF9676EEAC2}.AppStore|Any CPU.Deploy.0 = Release|Any CPU
		{1E96A7A5-DBF5-46F9-A1A3-2CF9676EEAC2}.AppStore|iPhone.ActiveCfg = Release|Any CPU
		{1E96A7A5-DBF5-46F9-A1A3-2CF9676EEAC2}.AppStore|iPhone.Build.0 = Release|Any CPU
		{1E96A7A5-DBF5-46F9-A1A3-2CF9676EEAC2}.AppStore|iPhone.Deploy.0 = Release|Any CPU
		{1E96A7A5-DBF5-46F9-A1A3-2CF9676EEAC2}.AppStore|iPhoneSimulator.ActiveCfg = Release|Any CPU
		{1E96A7A5-DBF5-46F9-A1A3-2CF9676EEAC2}.AppStore|iPhoneSimulator.Build.0 = Release|Any CPU
		{1E96A7A5-DBF5-46F9-A1A3-2CF9676EEAC2}.AppStore|iPhoneSimulator.Deploy.0 = Release|Any CPU
		{1E96A7A5-DBF5-46F9-A1A3-2CF9676EEAC2}.Debug|Any CPU.ActiveCfg = Debug|Any CPU
		{1E96A7A5-DBF5-46F9-A1A3-2CF9676EEAC2}.Debug|Any CPU.Build.0 = Debug|Any CPU
		{1E96A7A5-DBF5-46F9-A1A3-2CF9676EEAC2}.Debug|Any CPU.Deploy.0 = Debug|Any CPU
		{1E96A7A5-DBF5-46F9-A1A3-2CF9676EEAC2}.Debug|iPhone.ActiveCfg = Debug|Any CPU
		{1E96A7A5-DBF5-46F9-A1A3-2CF9676EEAC2}.Debug|iPhone.Build.0 = Debug|Any CPU
		{1E96A7A5-DBF5-46F9-A1A3-2CF9676EEAC2}.Debug|iPhone.Deploy.0 = Debug|Any CPU
		{1E96A7A5-DBF5-46F9-A1A3-2CF9676EEAC2}.Debug|iPhoneSimulator.ActiveCfg = Debug|Any CPU
		{1E96A7A5-DBF5-46F9-A1A3-2CF9676EEAC2}.Debug|iPhoneSimulator.Build.0 = Debug|Any CPU
		{1E96A7A5-DBF5-46F9-A1A3-2CF9676EEAC2}.Debug|iPhoneSimulator.Deploy.0 = Debug|Any CPU
		{1E96A7A5-DBF5-46F9-A1A3-2CF9676EEAC2}.Release|Any CPU.ActiveCfg = Release|Any CPU
		{1E96A7A5-DBF5-46F9-A1A3-2CF9676EEAC2}.Release|Any CPU.Build.0 = Release|Any CPU
		{1E96A7A5-DBF5-46F9-A1A3-2CF9676EEAC2}.Release|Any CPU.Deploy.0 = Release|Any CPU
		{1E96A7A5-DBF5-46F9-A1A3-2CF9676EEAC2}.Release|iPhone.ActiveCfg = Release|Any CPU
		{1E96A7A5-DBF5-46F9-A1A3-2CF9676EEAC2}.Release|iPhone.Build.0 = Release|Any CPU
		{1E96A7A5-DBF5-46F9-A1A3-2CF9676EEAC2}.Release|iPhone.Deploy.0 = Release|Any CPU
		{1E96A7A5-DBF5-46F9-A1A3-2CF9676EEAC2}.Release|iPhoneSimulator.ActiveCfg = Release|Any CPU
		{1E96A7A5-DBF5-46F9-A1A3-2CF9676EEAC2}.Release|iPhoneSimulator.Build.0 = Release|Any CPU
		{1E96A7A5-DBF5-46F9-A1A3-2CF9676EEAC2}.Release|iPhoneSimulator.Deploy.0 = Release|Any CPU
		{789B5143-5328-432F-AF49-BB0183CE6E8B}.Ad-Hoc|Any CPU.ActiveCfg = Ad-Hoc|iPhoneSimulator
		{789B5143-5328-432F-AF49-BB0183CE6E8B}.Ad-Hoc|iPhone.ActiveCfg = Ad-Hoc|iPhone
		{789B5143-5328-432F-AF49-BB0183CE6E8B}.Ad-Hoc|iPhone.Build.0 = Ad-Hoc|iPhone
		{789B5143-5328-432F-AF49-BB0183CE6E8B}.Ad-Hoc|iPhoneSimulator.ActiveCfg = Ad-Hoc|iPhoneSimulator
		{789B5143-5328-432F-AF49-BB0183CE6E8B}.Ad-Hoc|iPhoneSimulator.Build.0 = Ad-Hoc|iPhoneSimulator
		{789B5143-5328-432F-AF49-BB0183CE6E8B}.AppStore|Any CPU.ActiveCfg = AppStore|iPhoneSimulator
		{789B5143-5328-432F-AF49-BB0183CE6E8B}.AppStore|iPhone.ActiveCfg = AppStore|iPhone
		{789B5143-5328-432F-AF49-BB0183CE6E8B}.AppStore|iPhone.Build.0 = AppStore|iPhone
		{789B5143-5328-432F-AF49-BB0183CE6E8B}.AppStore|iPhoneSimulator.ActiveCfg = AppStore|iPhoneSimulator
		{789B5143-5328-432F-AF49-BB0183CE6E8B}.AppStore|iPhoneSimulator.Build.0 = AppStore|iPhoneSimulator
		{789B5143-5328-432F-AF49-BB0183CE6E8B}.Debug|Any CPU.ActiveCfg = Debug|iPhoneSimulator
		{789B5143-5328-432F-AF49-BB0183CE6E8B}.Debug|iPhone.ActiveCfg = Debug|iPhone
		{789B5143-5328-432F-AF49-BB0183CE6E8B}.Debug|iPhone.Build.0 = Debug|iPhone
		{789B5143-5328-432F-AF49-BB0183CE6E8B}.Debug|iPhoneSimulator.ActiveCfg = Debug|iPhoneSimulator
		{789B5143-5328-432F-AF49-BB0183CE6E8B}.Debug|iPhoneSimulator.Build.0 = Debug|iPhoneSimulator
		{789B5143-5328-432F-AF49-BB0183CE6E8B}.Release|Any CPU.ActiveCfg = Release|iPhoneSimulator
		{789B5143-5328-432F-AF49-BB0183CE6E8B}.Release|iPhone.ActiveCfg = Release|iPhone
		{789B5143-5328-432F-AF49-BB0183CE6E8B}.Release|iPhone.Build.0 = Release|iPhone
		{789B5143-5328-432F-AF49-BB0183CE6E8B}.Release|iPhoneSimulator.ActiveCfg = Release|iPhoneSimulator
		{789B5143-5328-432F-AF49-BB0183CE6E8B}.Release|iPhoneSimulator.Build.0 = Release|iPhoneSimulator
	EndGlobalSection
	GlobalSection(SolutionProperties) = preSolution
		HideSolutionNode = FALSE
	EndGlobalSection
	GlobalSection(ExtensibilityGlobals) = postSolution
		SolutionGuid = {CB71651C-3328-46C5-839A-40F6FE85AE63}
	EndGlobalSection
EndGlobal
